{
  "name": "xynga-web-services-src",
  "version": "0.0.1",
  "lockfileVersion": 1,
  "requires": true,
  "dependencies": {
    "@angular/animations": {
      "version": "4.4.7",
      "resolved": "https://registry.npmjs.org/@angular/animations/-/animations-4.4.7.tgz",
      "integrity": "sha512-clP1xZw3KCfdj5rGDies5L5iwLgXzVFQ/B66Yj9oc24mJyK9oZARmuXdHfu+y8YtlW2b3wNSK2JH3qygaxbNLA==",
      "dev": true,
      "requires": {
        "tslib": "^1.7.1"
      }
    },
    "@angular/common": {
      "version": "4.4.7",
      "resolved": "https://registry.npmjs.org/@angular/common/-/common-4.4.7.tgz",
      "integrity": "sha512-5R0POjbT4CR+8vXS7P33SiozJpTEKDsHq07EMm90OCwoofU5DIKDLNyEqr362zsbpzGUTmhGbSiLZib5Qt4djA==",
      "dev": true,
      "requires": {
        "tslib": "^1.7.1"
      }
    },
    "@angular/compiler": {
      "version": "4.4.7",
      "resolved": "https://registry.npmjs.org/@angular/compiler/-/compiler-4.4.7.tgz",
      "integrity": "sha512-aiRh86RqHMTgJ7xckQWzG2UTnq23+WuDVhYh/QL19R43areZLglqgtKSkfezg9aatO5CGzxDA3qL5WGhccQ5EQ==",
      "dev": true,
      "requires": {
        "tslib": "^1.7.1"
      }
    },
    "@angular/compiler-cli": {
      "version": "4.4.7",
      "resolved": "https://registry.npmjs.org/@angular/compiler-cli/-/compiler-cli-4.4.7.tgz",
      "integrity": "sha512-vzphs9galtMV29CW+ihp6v0HwSQrjAFqs04swqt9o0jEJET6/mPi1EFjJRNZiFn6ghh6lxUPr3vThy7CrSNxHg==",
      "dev": true,
      "requires": {
        "@angular/tsc-wrapped": "4.4.7",
        "minimist": "^1.2.0",
        "reflect-metadata": "^0.1.2"
      }
    },
    "@angular/core": {
      "version": "4.4.7",
      "resolved": "https://registry.npmjs.org/@angular/core/-/core-4.4.7.tgz",
      "integrity": "sha512-Jxs6gNTl5KjXflg5vi5rlnokq1johFccN94qSOgDv+Mg1iuGF2i9p7EHkw3Y8jBCVaSLw1qgHE+wMb6KTlJDLA==",
      "dev": true,
      "requires": {
        "tslib": "^1.7.1"
      }
    },
    "@angular/http": {
      "version": "4.4.7",
      "resolved": "https://registry.npmjs.org/@angular/http/-/http-4.4.7.tgz",
      "integrity": "sha512-9XrvXFVuHsAfVlIbM6Em2EouKiRyV2y4nPA+dAUd/9uB9i/i+FzZlmmeSIvP7ePnm6QyAC6nlvy9FMQYwvrtNA==",
      "dev": true,
      "requires": {
        "tslib": "^1.7.1"
      }
    },
    "@angular/platform-browser": {
      "version": "4.4.7",
      "resolved": "https://registry.npmjs.org/@angular/platform-browser/-/platform-browser-4.4.7.tgz",
      "integrity": "sha512-5WGMhUbaepmNoE597N/6R4jDdSqe4wwJblfi6bOJI34QStmD6QRnmg3H7ujr8lLhRBo9P3zH+hn7bM3RxUIEJg==",
      "dev": true,
      "requires": {
        "tslib": "^1.7.1"
      }
    },
    "@angular/platform-browser-dynamic": {
      "version": "4.4.7",
      "resolved": "https://registry.npmjs.org/@angular/platform-browser-dynamic/-/platform-browser-dynamic-4.4.7.tgz",
      "integrity": "sha512-or6CB+LzK8zYn7K4rif32UvVadnbdrqBiT+5Yai1szNUUKuseqx2h1dsEgJQamkajsOUM7zjLYq4LrKJEEcm8A==",
      "dev": true,
      "requires": {
        "tslib": "^1.7.1"
      }
    },
    "@angular/router": {
      "version": "4.4.7",
      "resolved": "https://registry.npmjs.org/@angular/router/-/router-4.4.7.tgz",
      "integrity": "sha512-WaVnBP41UdrUwReSUgB5YE6C37PrYFSaiFAoPRTx4RC0jeRE+ncFWwessVIh0kvfEK4ROkO3QK2BtLzMUY5GNg==",
      "dev": true,
      "requires": {
        "tslib": "^1.7.1"
      }
    },
    "@angular/tsc-wrapped": {
      "version": "4.4.7",
      "resolved": "https://registry.npmjs.org/@angular/tsc-wrapped/-/tsc-wrapped-4.4.7.tgz",
      "integrity": "sha512-R9w7sTU+HSTMPOa4NgvPL753qB6aqnPc1AVh2rwSl5FOpLS/AeeyzIhRnBsVXGrZrTcBQVLp/Cxg1oUSXE2k4Q==",
      "dev": true,
      "requires": {
        "tsickle": "^0.21.0"
      }
    },
    "@ng-idle/core": {
      "version": "2.0.0-beta.15",
      "resolved": "https://registry.npmjs.org/@ng-idle/core/-/core-2.0.0-beta.15.tgz",
      "integrity": "sha512-iBbCMlWDR59dajQKFxkncdJ/JEVaV+8pF2fD3dRIF1FcH8IlNckUJaeQpE444bf5TkyKIIxGA20+jVna7XwzsA==",
      "dev": true
    },
    "angular2-notifications": {
      "version": "0.9.7",
      "resolved": "https://registry.npmjs.org/angular2-notifications/-/angular2-notifications-0.9.7.tgz",
      "integrity": "sha1-IQoAfWsVyS0/2bGxo+DiIVF8CeA=",
      "dev": true
    },
    "minimist": {
      "version": "1.2.0",
      "resolved": "https://registry.npmjs.org/minimist/-/minimist-1.2.0.tgz",
      "integrity": "sha1-o1AIsg9BOD7sH7kU9M1d95omQoQ=",
      "dev": true
    },
    "mkdirp": {
      "version": "0.5.1",
      "resolved": "https://registry.npmjs.org/mkdirp/-/mkdirp-0.5.1.tgz",
      "integrity": "sha1-MAV0OOrGz3+MR2fzhkjWaX11yQM=",
      "dev": true,
      "requires": {
        "minimist": "0.0.8"
      },
      "dependencies": {
        "minimist": {
          "version": "0.0.8",
          "resolved": "https://registry.npmjs.org/minimist/-/minimist-0.0.8.tgz",
          "integrity": "sha1-hX/Kv8M5fSYluCKCYuhqp6ARsF0=",
          "dev": true
        }
      }
    },
    "reflect-metadata": {
      "version": "0.1.12",
      "resolved": "https://registry.npmjs.org/reflect-metadata/-/reflect-metadata-0.1.12.tgz",
      "integrity": "sha512-n+IyV+nGz3+0q3/Yf1ra12KpCyi001bi4XFxSjbiWWjfqb52iTTtpGXmCCAOWWIAn9KEuFZKGqBERHmrtScZ3A==",
      "dev": true
    },
    "rxjs": {
      "version": "5.5.11",
      "resolved": "https://registry.npmjs.org/rxjs/-/rxjs-5.5.11.tgz",
      "integrity": "sha512-3bjO7UwWfA2CV7lmwYMBzj4fQ6Cq+ftHc2MvUe+WMS7wcdJ1LosDWmdjPQanYp2dBRj572p7PeU81JUxHKOcBA==",
      "dev": true,
      "requires": {
        "symbol-observable": "1.0.1"
      }
    },
    "source-map": {
      "version": "0.5.7",
      "resolved": "https://registry.npmjs.org/source-map/-/source-map-0.5.7.tgz",
      "integrity": "sha1-igOdLRAh0i0eoUyA2OpGi6LvP8w=",
      "dev": true
    },
    "source-map-support": {
      "version": "0.4.18",
      "resolved": "https://registry.npmjs.org/source-map-support/-/source-map-support-0.4.18.tgz",
      "integrity": "sha512-try0/JqxPLF9nOjvSta7tVondkP5dwgyLDjVoyMDlmjugT2lRZ1OfsrYTkCd2hkDnJTKRbO/Rl3orm8vlsUzbA==",
      "dev": true,
      "requires": {
        "source-map": "^0.5.6"
      }
    },
    "symbol-observable": {
      "version": "1.0.1",
      "resolved": "https://registry.npmjs.org/symbol-observable/-/symbol-observable-1.0.1.tgz",
      "integrity": "sha1-g0D8RwLDEi310iKI+IKD9RPT/dQ=",
      "dev": true
    },
    "tsickle": {
      "version": "0.21.6",
      "resolved": "https://registry.npmjs.org/tsickle/-/tsickle-0.21.6.tgz",
      "integrity": "sha1-U7Abl5xcE/2xOvs/uVgXflmRWI0=",
      "dev": true,
      "requires": {
        "minimist": "^1.2.0",
        "mkdirp": "^0.5.1",
        "source-map": "^0.5.6",
        "source-map-support": "^0.4.2"
      }
    },
    "tslib": {
      "version": "1.9.2",
      "resolved": "https://registry.npmjs.org/tslib/-/tslib-1.9.2.tgz",
      "integrity": "sha512-AVP5Xol3WivEr7hnssHDsaM+lVrVXWUvd1cfXTRkTj80b//6g2wIFEH6hZG0muGZRnHGrfttpdzRk3YlBkWjKw==",
      "dev": true
    },
    "typescript": {
      "version": "2.9.1",
      "resolved": "https://registry.npmjs.org/typescript/-/typescript-2.9.1.tgz",
      "integrity": "sha512-h6pM2f/GDchCFlldnriOhs1QHuwbnmj6/v7499eMHqPeW4V2G0elua2eIc2nu8v2NdHV0Gm+tzX83Hr6nUFjQA==",
      "dev": true
    },
    "zone.js": {
      "version": "0.8.26",
      "resolved": "https://registry.npmjs.org/zone.js/-/zone.js-0.8.26.tgz",
      "integrity": "sha512-W9Nj+UmBJG251wkCacIkETgra4QgBo/vgoEkb4a2uoLzpQG7qF9nzwoLXWU5xj3Fg2mxGvEDh47mg24vXccYjA==",
      "dev": true
    }
  }
}
